<?xml version="1.0" encoding="utf-8"?>
<Project ToolsVersion="4.0" xmlns="http://schemas.microsoft.com/developer/msbuild/2003">
  <ItemGroup>
    <Filter Include="Source Files">
      <UniqueIdentifier>{4FC737F1-C7A5-4376-A066-2A32D752A2FF}</UniqueIdentifier>
      <Extensions>cpp;c;cc;cxx;def;odl;idl;hpj;bat;asm;asmx</Extensions>
    </Filter>
    <Filter Include="Header Files">
      <UniqueIdentifier>{93995380-89BD-4b04-88EB-625FBE52EBFB}</UniqueIdentifier>
      <Extensions>h;hh;hpp;hxx;hm;inl;inc;xsd</Extensions>
    </Filter>
    <Filter Include="Resource Files">
      <UniqueIdentifier>{67DA6AB6-F800-4c08-8B7A-83BB121AAD01}</UniqueIdentifier>
      <Extensions>rc;ico;cur;bmp;dlg;rc2;rct;bin;rgs;gif;jpg;jpeg;jpe;resx;tiff;tif;png;wav;mfcribbon-ms</Extensions>
    </Filter>
    <Filter Include="Resource Files">
      <UniqueIdentifier>{D9D6E242-F8AF-46E4-B9FD-80ECBC20BA3E}</UniqueIdentifier>
      <Extensions>qrc;*</Extensions>
      <ParseFiles>false</ParseFiles>
    </Filter>
    <Filter Include="Header Files\ddnet">
      <UniqueIdentifier>{7a9e20a3-4e91-426c-8ab6-eb0fa4707de0}</UniqueIdentifier>
    </Filter>
    <Filter Include="Header Files\ddnet\debug">
      <UniqueIdentifier>{6c11b54e-fd31-4883-bf14-65f7243cae02}</UniqueIdentifier>
    </Filter>
    <Filter Include="Header Files\ddnet\io">
      <UniqueIdentifier>{dfa28af0-2b9e-4bd7-9a3f-81bf5180e1f4}</UniqueIdentifier>
    </Filter>
    <Filter Include="Header Files\ddnet\util">
      <UniqueIdentifier>{319699be-0a34-4bf7-ae09-71aa341853a1}</UniqueIdentifier>
    </Filter>
    <Filter Include="Source Files\ddnet">
      <UniqueIdentifier>{fbb7d0b2-ae11-41b6-93fe-edae04532b47}</UniqueIdentifier>
    </Filter>
    <Filter Include="Source Files\ddnet\io">
      <UniqueIdentifier>{6c721757-1223-436f-9418-e871f698e47c}</UniqueIdentifier>
    </Filter>
    <Filter Include="libs">
      <UniqueIdentifier>{da48a75f-e4b8-4819-a536-880618b19e48}</UniqueIdentifier>
    </Filter>
    <Filter Include="libs\singleapplication">
      <UniqueIdentifier>{be448a03-5fde-418f-951f-cd2caf868023}</UniqueIdentifier>
    </Filter>
    <Filter Include="Source Files\ddnet\util">
      <UniqueIdentifier>{36cc3fa2-e372-435b-b1db-d236364a543f}</UniqueIdentifier>
    </Filter>
    <Filter Include="Header Files\ddnet\map">
      <UniqueIdentifier>{75e5e65c-e3e5-4dd5-8939-a040cbd5b163}</UniqueIdentifier>
    </Filter>
  </ItemGroup>
  <ItemGroup>
    <ClInclude Include="include\ddnet\debug\error_codes.hpp">
      <Filter>Header Files\ddnet\debug</Filter>
    </ClInclude>
    <ClInclude Include="include\ddnet\io\ddldata.hpp">
      <Filter>Header Files\ddnet\io</Filter>
    </ClInclude>
    <ClInclude Include="include\ddnet\io\ddlfilestream.hpp">
      <Filter>Header Files\ddnet\io</Filter>
    </ClInclude>
    <ClInclude Include="include\ddnet\io\ddlparser.hpp">
      <Filter>Header Files\ddnet\io</Filter>
    </ClInclude>
    <ClInclude Include="include\ddnet\io\ddltokenizer.hpp">
      <Filter>Header Files\ddnet\io</Filter>
    </ClInclude>
    <ClInclude Include="include\ddnet\io\mapdata.hpp">
      <Filter>Header Files\ddnet\io</Filter>
    </ClInclude>
    <ClInclude Include="include\ddnet\io\mapfilestream.hpp">
      <Filter>Header Files\ddnet\io</Filter>
    </ClInclude>
    <ClInclude Include="include\ddnet\util\concepts.hpp">
      <Filter>Header Files\ddnet\util</Filter>
    </ClInclude>
    <ClInclude Include="include\ddnet\util\constants.hpp">
      <Filter>Header Files\ddnet\util</Filter>
    </ClInclude>
    <ClInclude Include="include\ddnet\util\macros.hpp">
      <Filter>Header Files\ddnet\util</Filter>
    </ClInclude>
    <ClInclude Include="include\ddnet\util\types.hpp">
      <Filter>Header Files\ddnet\util</Filter>
    </ClInclude>
    <ClInclude Include="include\ddnet\util\utility.hpp">
      <Filter>Header Files\ddnet\util</Filter>
    </ClInclude>
    <ClInclude Include="include\ddnet\util\token.hpp">
      <Filter>Header Files\ddnet\util</Filter>
    </ClInclude>
    <ClInclude Include="include\ddnet\debug\error.hpp">
      <Filter>Header Files\ddnet\debug</Filter>
    </ClInclude>
    <ClInclude Include="include\ddnet\util\graphics.hpp">
      <Filter>Header Files\ddnet\util</Filter>
    </ClInclude>
    <ClInclude Include="include\ddnet\map\tile.hpp">
      <Filter>Header Files\ddnet\map</Filter>
    </ClInclude>
    <ClInclude Include="include\ddnet\map\quad.hpp">
      <Filter>Header Files\ddnet\map</Filter>
    </ClInclude>
    <ClInclude Include="include\ddnet\map\sound_source.hpp">
      <Filter>Header Files\ddnet\map</Filter>
    </ClInclude>
    <ClInclude Include="include\ddnet\util\tile.hpp">
      <Filter>Header Files\ddnet\util</Filter>
    </ClInclude>
    <ClInclude Include="include\ddnet\map\tileset.hpp">
      <Filter>Header Files\ddnet\map</Filter>
    </ClInclude>
    <ClInclude Include="include\ddnet\map\layer.hpp">
      <Filter>Header Files\ddnet\map</Filter>
    </ClInclude>
    <ClInclude Include="include\ddnet\map\node.hpp">
      <Filter>Header Files\ddnet\map</Filter>
    </ClInclude>
    <ClInclude Include="include\ddnet\map\tilemap.hpp">
      <Filter>Header Files\ddnet\map</Filter>
    </ClInclude>
    <ClInclude Include="include\ddnet\map\envelope.hpp">
      <Filter>Header Files\ddnet\map</Filter>
    </ClInclude>
    <ClInclude Include="include\ddnet\map\layer_properties.hpp">
      <Filter>Header Files\ddnet\map</Filter>
    </ClInclude>
    <ClInclude Include="include\ddnet\map\asset.hpp">
      <Filter>Header Files\ddnet\map</Filter>
    </ClInclude>
    <ClInclude Include="include\ddnet\map\group.hpp">
      <Filter>Header Files\ddnet\map</Filter>
    </ClInclude>
    <ClInclude Include="include\ddnet\map\group_properties.hpp">
      <Filter>Header Files\ddnet\map</Filter>
    </ClInclude>
    <ClInclude Include="include\ddnet\map\map.hpp">
      <Filter>Header Files\ddnet\map</Filter>
    </ClInclude>
    <ClInclude Include="include\ddnet\map\map_properties.hpp">
      <Filter>Header Files\ddnet\map</Filter>
    </ClInclude>
    <ClInclude Include="include\ddnet\io\ddmdata.hpp">
      <Filter>Header Files\ddnet\io</Filter>
    </ClInclude>
    <ClInclude Include="include\ddnet\io\ddmfilestream.hpp">
      <Filter>Header Files\ddnet\io</Filter>
    </ClInclude>
  </ItemGroup>
  <ItemGroup>
    <QtMoc Include="libs\singleapplication\singleapplication.h">
      <Filter>libs\singleapplication</Filter>
    </QtMoc>
    <QtMoc Include="libs\singleapplication\singleapplication_p.h">
      <Filter>libs\singleapplication</Filter>
    </QtMoc>
  </ItemGroup>
  <ItemGroup>
    <ClCompile Include="source\ddnet\io\ddldata.cpp">
      <Filter>Source Files\ddnet\io</Filter>
    </ClCompile>
    <ClCompile Include="source\ddnet\io\ddlfilestream.cpp">
      <Filter>Source Files\ddnet\io</Filter>
    </ClCompile>
    <ClCompile Include="source\ddnet\io\ddlparser.cpp">
      <Filter>Source Files\ddnet\io</Filter>
    </ClCompile>
    <ClCompile Include="source\ddnet\io\ddltokenizer.cpp">
      <Filter>Source Files\ddnet\io</Filter>
    </ClCompile>
    <ClCompile Include="source\ddnet\io\mapfilestream.cpp">
      <Filter>Source Files\ddnet\io</Filter>
    </ClCompile>
    <ClCompile Include="libs\singleapplication\singleapplication.cpp">
      <Filter>libs\singleapplication</Filter>
    </ClCompile>
    <ClCompile Include="libs\singleapplication\singleapplication_p.cpp">
      <Filter>libs\singleapplication</Filter>
    </ClCompile>
    <ClCompile Include="source\ddnet\util\graphics.cpp">
      <Filter>Source Files\ddnet\util</Filter>
    </ClCompile>
    <ClCompile Include="source\ddnet\io\ddmdata.cpp">
      <Filter>Source Files\ddnet\io</Filter>
    </ClCompile>
    <ClCompile Include="source\ddnet\io\ddmfilestream.cpp">
      <Filter>Source Files\ddnet\io</Filter>
    </ClCompile>
  </ItemGroup>
</Project>