<?xml version="1.0" encoding="utf-8"?>
<Project ToolsVersion="4.0" xmlns="http://schemas.microsoft.com/developer/msbuild/2003">
  <ItemGroup>
    <Filter Include="Resource Files">
      <UniqueIdentifier>{D9D6E242-F8AF-46E4-B9FD-80ECBC20BA3E}</UniqueIdentifier>
      <Extensions>qrc;*</Extensions>
      <ParseFiles>false</ParseFiles>
    </Filter>
    <Filter Include="include">
      <UniqueIdentifier>{93995380-89BD-4b04-88EB-625FBE52EBFB}</UniqueIdentifier>
      <Extensions>h;hh;hpp;hxx;hm;inl;inc;xsd</Extensions>
    </Filter>
    <Filter Include="source">
      <UniqueIdentifier>{4FC737F1-C7A5-4376-A066-2A32D752A2FF}</UniqueIdentifier>
      <Extensions>cpp;c;cc;cxx;def;odl;idl;hpj;bat;asm;asmx</Extensions>
    </Filter>
    <Filter Include="source\util">
      <UniqueIdentifier>{95f5d7b1-2fa4-4070-81f5-2dc5bd19ea92}</UniqueIdentifier>
    </Filter>
    <Filter Include="source\io">
      <UniqueIdentifier>{143e7167-b80f-4bed-9a29-6dcc160cd2a8}</UniqueIdentifier>
    </Filter>
    <Filter Include="resource">
      <UniqueIdentifier>{67DA6AB6-F800-4c08-8B7A-83BB121AAD01}</UniqueIdentifier>
      <Extensions>rc;ico;cur;bmp;dlg;rc2;rct;bin;rgs;gif;jpg;jpeg;jpe;resx;tiff;tif;png;wav;mfcribbon-ms</Extensions>
    </Filter>
    <Filter Include="source\core">
      <UniqueIdentifier>{52169bd7-773a-4f55-b954-f683ac6a9324}</UniqueIdentifier>
    </Filter>
  </ItemGroup>
  <ItemGroup>
    <ClCompile Include="source\catch2.cpp">
      <Filter>source</Filter>
    </ClCompile>
    <ClCompile Include="source\main.cpp">
      <Filter>source</Filter>
    </ClCompile>
    <ClCompile Include="source\util\utility_test.cpp">
      <Filter>source\util</Filter>
    </ClCompile>
    <ClCompile Include="source\io\ddl_test.cpp">
      <Filter>source\io</Filter>
    </ClCompile>
    <ClCompile Include="source\util\tile_test.cpp">
      <Filter>source\util</Filter>
    </ClCompile>
    <ClCompile Include="source\core\chunk_test.cpp">
      <Filter>source\core</Filter>
    </ClCompile>
  </ItemGroup>
  <ItemGroup>
    <None Include="include\catch2.pch">
      <Filter>include</Filter>
    </None>
  </ItemGroup>
</Project>